{
  "name": "workspace",
  "version": "1.0.0",
  "lockfileVersion": 3,
  "requires": true,
  "packages": {
    "": {
      "name": "workspace",
      "version": "1.0.0",
      "license": "ISC",
      "dependencies": {
        "html5-qrcode": "^2.3.8",
        "jsqr": "^1.4.0"
      }
    },
    "node_modules/html5-qrcode": {
      "version": "2.3.8",
      "resolved": "http://package-firewall.replit.local/npm/html5-qrcode/-/html5-qrcode-2.3.8.tgz",
      "integrity": "sha512-jsr4vafJhwoLVEDW3n1KvPnCCXWaQfRng0/EEYk1vNcQGcG/htAdhJX0be8YyqMoSz7+hZvOZSTAepsabiuhiQ==",
      "license": "Apache-2.0"
    },
    "node_modules/jsqr": {
      "version": "1.4.0",
      "resolved": "http://package-firewall.replit.local/npm/jsqr/-/jsqr-1.4.0.tgz",
      "integrity": "sha512-dxLob7q65Xg2DvstYkRpkYtmKm2sPJ9oFhrhmudT1dZvNFFTlroai3AWSpLey/w5vMcLBXRgOJsbXpdN9HzU/A==",
      "license": "Apache-2.0"
    }
  }
}
